
Microsoft Visual Studio Solution File, Format Version 12.00
# Visual Studio Version 17
VisualStudioVersion = 17.0.31912.275
MinimumVisualStudioVersion = 10.0.40219.1
Project("{9A19103F-16F7-4668-BE54-9A1E7A4F7556}") = "WordleSolver", "WordleSolver\WordleSolver.csproj", "{E2A31CA2-E78D-4F7C-B3C8-6617683EADB9}"
EndProject
Project("{FAE04EC0-301F-11D3-BF4B-00C04F79EFBC}") = "WordlePuzzleGenerator", "WordlePuzzleGenerator\WordlePuzzleGenerator.csproj", "{FBADEF38-9ACA-43A3-9E54-E67B73D75FD8}"
EndProject
Project("{FAE04EC0-301F-11D3-BF4B-00C04F79EFBC}") = "WordleLibrary", "WordleLibrary\WordleLibrary.csproj", "{D8DE36E4-D9E0-4162-AE07-828F9DB7C2C7}"
EndProject
Project("{FAE04EC0-301F-11D3-BF4B-00C04F79EFBC}") = "AutomaticWordleSolver", "AutomaticWordleSolver\AutomaticWordleSolver.csproj", "{4F0CFA90-2B6F-404E-9E0B-19B50FD522C6}"
EndProject
Global
	GlobalSection(SolutionConfigurationPlatforms) = preSolution
		Debug|Any CPU = Debug|Any CPU
		Release|Any CPU = Release|Any CPU
	EndGlobalSection
	GlobalSection(ProjectConfigurationPlatforms) = postSolution
		{E2A31CA2-E78D-4F7C-B3C8-6617683EADB9}.Debug|Any CPU.ActiveCfg = Debug|Any CPU
		{E2A31CA2-E78D-4F7C-B3C8-6617683EADB9}.Debug|Any CPU.Build.0 = Debug|Any CPU
		{E2A31CA2-E78D-4F7C-B3C8-6617683EADB9}.Release|Any CPU.ActiveCfg = Release|Any CPU
		{E2A31CA2-E78D-4F7C-B3C8-6617683EADB9}.Release|Any CPU.Build.0 = Release|Any CPU
		{FBADEF38-9ACA-43A3-9E54-E67B73D75FD8}.Debug|Any CPU.ActiveCfg = Debug|Any CPU
		{FBADEF38-9ACA-43A3-9E54-E67B73D75FD8}.Debug|Any CPU.Build.0 = Debug|Any CPU
		{FBADEF38-9ACA-43A3-9E54-E67B73D75FD8}.Release|Any CPU.ActiveCfg = Release|Any CPU
		{FBADEF38-9ACA-43A3-9E54-E67B73D75FD8}.Release|Any CPU.Build.0 = Release|Any CPU
		{D8DE36E4-D9E0-4162-AE07-828F9DB7C2C7}.Debug|Any CPU.ActiveCfg = Debug|Any CPU
		{D8DE36E4-D9E0-4162-AE07-828F9DB7C2C7}.Debug|Any CPU.Build.0 = Debug|Any CPU
		{D8DE36E4-D9E0-4162-AE07-828F9DB7C2C7}.Release|Any CPU.ActiveCfg = Release|Any CPU
		{D8DE36E4-D9E0-4162-AE07-828F9DB7C2C7}.Release|Any CPU.Build.0 = Release|Any CPU
		{4F0CFA90-2B6F-404E-9E0B-19B50FD522C6}.Debug|Any CPU.ActiveCfg = Debug|Any CPU
		{4F0CFA90-2B6F-404E-9E0B-19B50FD522C6}.Debug|Any CPU.Build.0 = Debug|Any CPU
		{4F0CFA90-2B6F-404E-9E0B-19B50FD522C6}.Release|Any CPU.ActiveCfg = Release|Any CPU
		{4F0CFA90-2B6F-404E-9E0B-19B50FD522C6}.Release|Any CPU.Build.0 = Release|Any CPU
	EndGlobalSection
	GlobalSection(SolutionProperties) = preSolution
		HideSolutionNode = FALSE
	EndGlobalSection
	GlobalSection(ExtensibilityGlobals) = postSolution
		SolutionGuid = {C689448D-8986-4FC2-8152-31EB09885114}
	EndGlobalSection
EndGlobal
