
Microsoft Visual Studio Solution File, Format Version 12.00
# Visual Studio Version 17
VisualStudioVersion = 17.0.31912.275
MinimumVisualStudioVersion = 10.0.40219.1
Project("{9A19103F-16F7-4668-BE54-9A1E7A4F7556}") = "WordleSolver", "WordleSolver\WordleSolver.csproj", "{E2A31CA2-E78D-4F7C-B3C8-6617683EADB9}"
EndProject
Global
	GlobalSection(SolutionConfigurationPlatforms) = preSolution
		Debug|Any CPU = Debug|Any CPU
		Release|Any CPU = Release|Any CPU
	EndGlobalSection
	GlobalSection(ProjectConfigurationPlatforms) = postSolution
		{E2A31CA2-E78D-4F7C-B3C8-6617683EADB9}.Debug|Any CPU.ActiveCfg = Debug|Any CPU
		{E2A31CA2-E78D-4F7C-B3C8-6617683EADB9}.Debug|Any CPU.Build.0 = Debug|Any CPU
		{E2A31CA2-E78D-4F7C-B3C8-6617683EADB9}.Release|Any CPU.ActiveCfg = Release|Any CPU
		{E2A31CA2-E78D-4F7C-B3C8-6617683EADB9}.Release|Any CPU.Build.0 = Release|Any CPU
	EndGlobalSection
	GlobalSection(SolutionProperties) = preSolution
		HideSolutionNode = FALSE
	EndGlobalSection
	GlobalSection(ExtensibilityGlobals) = postSolution
		SolutionGuid = {C689448D-8986-4FC2-8152-31EB09885114}
	EndGlobalSection
EndGlobal
